%{"concrypt": {:git, "git://github.com/stocks29/concrypt.git", "8ebd9c0da8fb3748dd3a7894e1a013c1ae2bc9fc", []},
  "key_generator": {:git, "https://github.com/DisruptiveMind/elixir-pbkdf2.git", "c48745218bfe0fb45c54ca063ddbdbcf599a5f60", []},
  "pkcs7": {:git, "https://github.com/camshaft/pkcs7.erl.git", "00218999ce9b60848aa1f36612248d1079c7ef06", []},
  "rncryptor": {:git, "git://github.com/RNCryptor/RNCryptor-erlang.git", "1f6da88b4d2e4f7a49eb4256be43e1a91aa7004a", []}}
